<?xml version="1.0" encoding="utf-8"?>
<Project ToolsVersion="4.0" xmlns="http://schemas.microsoft.com/developer/msbuild/2003">
  <ItemGroup>
    <ClCompile Include="csvtoolstest.cpp">
      <Filter>Source Files</Filter>
    </ClCompile>
    <ClCompile Include="datetimetest.cpp">
      <Filter>Source Files</Filter>
    </ClCompile>
    <ClCompile Include="strutilstest.cpp">
      <Filter>Source Files</Filter>
    </ClCompile>
    <ClCompile Include="treestest.cpp">
      <Filter>Source Files</Filter>
    </ClCompile>
    <ClCompile Include="variantstest.cpp">
      <Filter>Source Files</Filter>
    </ClCompile>
    <ClCompile Include="memchecker.cpp">
      <Filter>Source Files</Filter>
    </ClCompile>
    <ClCompile Include="jsondomtest.cpp">
      <Filter>Source Files</Filter>
    </ClCompile>
    <ClCompile Include="containerstest.cpp">
      <Filter>Source Files</Filter>
    </ClCompile>
    <ClCompile Include="jsonlexertest.cpp">
      <Filter>Source Files</Filter>
    </ClCompile>
  </ItemGroup>
  <ItemGroup>
    <Filter Include="Source Files">
      <UniqueIdentifier>{9e828279-f16f-41a1-94a2-d43803fc6665}</UniqueIdentifier>
      <Extensions>cpp;c;cc;cxx;def;odl;idl;hpj;bat;asm;asmx</Extensions>
    </Filter>
    <Filter Include="Data">
      <UniqueIdentifier>{6486f831-b507-4a90-90c2-c7fb76965796}</UniqueIdentifier>
    </Filter>
    <Filter Include="Header Files">
      <UniqueIdentifier>{b0a596bc-7d7e-48bc-8e3f-448030db2097}</UniqueIdentifier>
      <Extensions>h;hh;hpp;hxx;hm;inl;inc;ipp;xsd</Extensions>
    </Filter>
  </ItemGroup>
  <ItemGroup>
    <CopyFileToFolders Include="data\test01-utf16-be.csv">
      <Filter>Data</Filter>
    </CopyFileToFolders>
    <CopyFileToFolders Include="data\test01-utf16-le.csv">
      <Filter>Data</Filter>
    </CopyFileToFolders>
    <CopyFileToFolders Include="data\test01-utf8-bom.csv">
      <Filter>Data</Filter>
    </CopyFileToFolders>
    <CopyFileToFolders Include="data\test01-utf8.csv">
      <Filter>Data</Filter>
    </CopyFileToFolders>
    <CopyFileToFolders Include="data\test01-ansi-1251.csv">
      <Filter>Data</Filter>
    </CopyFileToFolders>
    <CopyFileToFolders Include="data\test01-ansi-1252.csv">
      <Filter>Data</Filter>
    </CopyFileToFolders>
  </ItemGroup>
  <ItemGroup>
    <ClInclude Include="memchecker.h">
      <Filter>Header Files</Filter>
    </ClInclude>
  </ItemGroup>
</Project>